{
  "requires": true,
  "lockfileVersion": 1,
  "dependencies": {
    "@middy/http-cors": {
      "version": "3.5.0",
      "resolved": "https://bams-aws.refinitiv.com/artifactory/api/npm/default.npm.global/@middy/http-cors/-/http-cors-3.5.0.tgz",
      "integrity": "sha1-AAmh7jZ+eiVOeN7wGvPO+NgFfGw=",
      "requires": {
        "@middy/util": "3.5.0"
      }
    },
    "@middy/util": {
      "version": "3.5.0",
      "resolved": "https://bams-aws.refinitiv.com/artifactory/api/npm/default.npm.global/@middy/util/-/util-3.5.0.tgz",
      "integrity": "sha1-e+TpQAmIFTEL6nXGaVxtyPTn53g="
    }
  }
}
